{
  "version": 4,
  "terraform_version": "1.3.6",
  "serial": 6,
  "lineage": "bb70f2d5-705e-c984-dc10-9eef8936d4e7",
  "outputs": {
    "randomid": {
      "value": "2595ff6c",
      "type": "string"
    }
  },
  "resources": [
    {
      "mode": "managed",
      "type": "azurerm_resource_group",
      "name": "appgrp",
      "provider": "provider[\"registry.terraform.io/hashicorp/azurerm\"]",
      "instances": [
        {
          "schema_version": 0,
          "attributes": {
            "id": "/subscriptions/04d2acb9-6f92-4429-b7b8-6234f910dfc2/resourceGroups/app-grp",
            "location": "northeurope",
            "name": "app-grp",
            "tags": null,
            "timeouts": null
          },
          "sensitive_attributes": [],
          "private": "eyJlMmJmYjczMC1lY2FhLTExZTYtOGY4OC0zNDM2M2JjN2M0YzAiOnsiY3JlYXRlIjo1NDAwMDAwMDAwMDAwLCJkZWxldGUiOjU0MDAwMDAwMDAwMDAsInJlYWQiOjMwMDAwMDAwMDAwMCwidXBkYXRlIjo1NDAwMDAwMDAwMDAwfX0="
        }
      ]
    },
    {
      "mode": "managed",
      "type": "azurerm_storage_account",
      "name": "storageaccountresource",
      "provider": "provider[\"registry.terraform.io/hashicorp/azurerm\"]",
      "instances": [
        {
          "schema_version": 3,
          "attributes": {
            "access_tier": "Hot",
            "account_kind": "StorageV2",
            "account_replication_type": "LRS",
            "account_tier": "Standard",
            "allow_nested_items_to_be_public": true,
            "allowed_copy_scope": "",
            "azure_files_authentication": [],
            "blob_properties": [
              {
                "change_feed_enabled": false,
                "change_feed_retention_in_days": 0,
                "container_delete_retention_policy": [],
                "cors_rule": [],
                "default_service_version": "",
                "delete_retention_policy": [],
                "last_access_time_enabled": false,
                "restore_policy": [],
                "versioning_enabled": false
              }
            ],
            "cross_tenant_replication_enabled": true,
            "custom_domain": [],
            "customer_managed_key": [],
            "default_to_oauth_authentication": false,
            "edge_zone": "",
            "enable_https_traffic_only": true,
            "id": "/subscriptions/04d2acb9-6f92-4429-b7b8-6234f910dfc2/resourceGroups/app-grp/providers/Microsoft.Storage/storageAccounts/appstore2595ff6c",
            "identity": [],
            "immutability_policy": [],
            "infrastructure_encryption_enabled": false,
            "is_hns_enabled": false,
            "large_file_share_enabled": null,
            "location": "northeurope",
            "min_tls_version": "TLS1_2",
            "name": "appstore2595ff6c",
            "network_rules": [
              {
                "bypass": [
                  "AzureServices"
                ],
                "default_action": "Allow",
                "ip_rules": [],
                "private_link_access": [],
                "virtual_network_subnet_ids": []
              }
            ],
            "nfsv3_enabled": false,
            "primary_access_key": "QFw06v9dyjDyc/5nb2IfdJzltqGED//oMbmZT0k1qeLtH/SumGfG5vsmKN7W1JDXaMkU0T2dU8Oq+AStUHP5yQ==",
            "primary_blob_connection_string": "DefaultEndpointsProtocol=https;BlobEndpoint=https://appstore2595ff6c.blob.core.windows.net/;AccountName=appstore2595ff6c;AccountKey=QFw06v9dyjDyc/5nb2IfdJzltqGED//oMbmZT0k1qeLtH/SumGfG5vsmKN7W1JDXaMkU0T2dU8Oq+AStUHP5yQ==",
            "primary_blob_endpoint": "https://appstore2595ff6c.blob.core.windows.net/",
            "primary_blob_host": "appstore2595ff6c.blob.core.windows.net",
            "primary_connection_string": "DefaultEndpointsProtocol=https;AccountName=appstore2595ff6c;AccountKey=QFw06v9dyjDyc/5nb2IfdJzltqGED//oMbmZT0k1qeLtH/SumGfG5vsmKN7W1JDXaMkU0T2dU8Oq+AStUHP5yQ==;EndpointSuffix=core.windows.net",
            "primary_dfs_endpoint": "https://appstore2595ff6c.dfs.core.windows.net/",
            "primary_dfs_host": "appstore2595ff6c.dfs.core.windows.net",
            "primary_file_endpoint": "https://appstore2595ff6c.file.core.windows.net/",
            "primary_file_host": "appstore2595ff6c.file.core.windows.net",
            "primary_location": "northeurope",
            "primary_queue_endpoint": "https://appstore2595ff6c.queue.core.windows.net/",
            "primary_queue_host": "appstore2595ff6c.queue.core.windows.net",
            "primary_table_endpoint": "https://appstore2595ff6c.table.core.windows.net/",
            "primary_table_host": "appstore2595ff6c.table.core.windows.net",
            "primary_web_endpoint": "https://appstore2595ff6c.z16.web.core.windows.net/",
            "primary_web_host": "appstore2595ff6c.z16.web.core.windows.net",
            "public_network_access_enabled": true,
            "queue_encryption_key_type": "Service",
            "queue_properties": [
              {
                "cors_rule": [],
                "hour_metrics": [
                  {
                    "enabled": true,
                    "include_apis": true,
                    "retention_policy_days": 7,
                    "version": "1.0"
                  }
                ],
                "logging": [
                  {
                    "delete": false,
                    "read": false,
                    "retention_policy_days": 0,
                    "version": "1.0",
                    "write": false
                  }
                ],
                "minute_metrics": [
                  {
                    "enabled": false,
                    "include_apis": false,
                    "retention_policy_days": 0,
                    "version": "1.0"
                  }
                ]
              }
            ],
            "resource_group_name": "app-grp",
            "routing": [],
            "sas_policy": [],
            "secondary_access_key": "pY0+xkC+pW7dTBUu+2yxpo76qFvnrqKeD/aobxoYiXRINeBQ1nwPbl4u/CKiRCV/UHmtednqB6tm+AStnPdbqg==",
            "secondary_blob_connection_string": "",
            "secondary_blob_endpoint": null,
            "secondary_blob_host": null,
            "secondary_connection_string": "DefaultEndpointsProtocol=https;AccountName=appstore2595ff6c;AccountKey=pY0+xkC+pW7dTBUu+2yxpo76qFvnrqKeD/aobxoYiXRINeBQ1nwPbl4u/CKiRCV/UHmtednqB6tm+AStnPdbqg==;EndpointSuffix=core.windows.net",
            "secondary_dfs_endpoint": null,
            "secondary_dfs_host": null,
            "secondary_file_endpoint": null,
            "secondary_file_host": null,
            "secondary_location": "",
            "secondary_queue_endpoint": null,
            "secondary_queue_host": null,
            "secondary_table_endpoint": null,
            "secondary_table_host": null,
            "secondary_web_endpoint": null,
            "secondary_web_host": null,
            "sftp_enabled": false,
            "share_properties": [
              {
                "cors_rule": [],
                "retention_policy": [
                  {
                    "days": 7
                  }
                ],
                "smb": []
              }
            ],
            "shared_access_key_enabled": true,
            "static_website": [],
            "table_encryption_key_type": "Service",
            "tags": null,
            "timeouts": null
          },
          "sensitive_attributes": [],
          "private": "eyJlMmJmYjczMC1lY2FhLTExZTYtOGY4OC0zNDM2M2JjN2M0YzAiOnsiY3JlYXRlIjozNjAwMDAwMDAwMDAwLCJkZWxldGUiOjM2MDAwMDAwMDAwMDAsInJlYWQiOjMwMDAwMDAwMDAwMCwidXBkYXRlIjozNjAwMDAwMDAwMDAwfSwic2NoZW1hX3ZlcnNpb24iOiIzIn0=",
          "dependencies": [
            "azurerm_resource_group.appgrp",
            "random_uuid.storageaccountidentifier"
          ]
        }
      ]
    },
    {
      "mode": "managed",
      "type": "random_uuid",
      "name": "storageaccountidentifier",
      "provider": "provider[\"registry.terraform.io/hashicorp/random\"]",
      "instances": [
        {
          "schema_version": 0,
          "attributes": {
            "id": "2595ff6c-e768-f7bb-e38d-84c794fd62f5",
            "keepers": null,
            "result": "2595ff6c-e768-f7bb-e38d-84c794fd62f5"
          },
          "sensitive_attributes": []
        }
      ]
    }
  ],
  "check_results": null
}
