{
  "version": 4,
  "terraform_version": "1.3.6",
  "serial": 29,
  "lineage": "161e5c2b-9729-842b-88df-4246817c4fd6",
  "outputs": {},
  "resources": [
    {
      "mode": "managed",
      "type": "azurerm_resource_group",
      "name": "appgrp",
      "provider": "provider[\"registry.terraform.io/hashicorp/azurerm\"]",
      "instances": [
        {
          "schema_version": 0,
          "attributes": {
            "id": "/subscriptions/04d2acb9-6f92-4429-b7b8-6234f910dfc2/resourceGroups/app-grp",
            "location": "northeurope",
            "name": "app-grp",
            "tags": {},
            "timeouts": null
          },
          "sensitive_attributes": [],
          "private": "eyJlMmJmYjczMC1lY2FhLTExZTYtOGY4OC0zNDM2M2JjN2M0YzAiOnsiY3JlYXRlIjo1NDAwMDAwMDAwMDAwLCJkZWxldGUiOjU0MDAwMDAwMDAwMDAsInJlYWQiOjMwMDAwMDAwMDAwMCwidXBkYXRlIjo1NDAwMDAwMDAwMDAwfX0="
        }
      ]
    },
    {
      "mode": "managed",
      "type": "azurerm_virtual_network",
      "name": "appnetwork",
      "provider": "provider[\"registry.terraform.io/hashicorp/azurerm\"]",
      "instances": [
        {
          "schema_version": 0,
          "attributes": {
            "address_space": [
              "10.0.0.0/16"
            ],
            "bgp_community": "",
            "ddos_protection_plan": [],
            "dns_servers": [],
            "edge_zone": "",
            "flow_timeout_in_minutes": 0,
            "guid": "61b209ac-4dab-45bc-858e-7d764f7cf97c",
            "id": "/subscriptions/04d2acb9-6f92-4429-b7b8-6234f910dfc2/resourceGroups/app-grp/providers/Microsoft.Network/virtualNetworks/app-network",
            "location": "northeurope",
            "name": "app-network",
            "resource_group_name": "app-grp",
            "subnet": [
              {
                "address_prefix": "10.0.0.0/24",
                "id": "/subscriptions/04d2acb9-6f92-4429-b7b8-6234f910dfc2/resourceGroups/app-grp/providers/Microsoft.Network/virtualNetworks/app-network/subnets/subnetA",
                "name": "subnetA",
                "security_group": "/subscriptions/04d2acb9-6f92-4429-b7b8-6234f910dfc2/resourceGroups/app-grp/providers/Microsoft.Network/networkSecurityGroups/app-nsg"
              },
              {
                "address_prefix": "10.0.1.0/24",
                "id": "/subscriptions/04d2acb9-6f92-4429-b7b8-6234f910dfc2/resourceGroups/app-grp/providers/Microsoft.Network/virtualNetworks/app-network/subnets/subnetB",
                "name": "subnetB",
                "security_group": ""
              },
              {
                "address_prefix": "10.0.2.0/26",
                "id": "/subscriptions/04d2acb9-6f92-4429-b7b8-6234f910dfc2/resourceGroups/app-grp/providers/Microsoft.Network/virtualNetworks/app-network/subnets/AzureBastionSubnet",
                "name": "AzureBastionSubnet",
                "security_group": ""
              }
            ],
            "tags": {},
            "timeouts": null
          },
          "sensitive_attributes": [],
          "private": "eyJlMmJmYjczMC1lY2FhLTExZTYtOGY4OC0zNDM2M2JjN2M0YzAiOnsiY3JlYXRlIjoxODAwMDAwMDAwMDAwLCJkZWxldGUiOjE4MDAwMDAwMDAwMDAsInJlYWQiOjMwMDAwMDAwMDAwMCwidXBkYXRlIjoxODAwMDAwMDAwMDAwfX0=",
          "dependencies": [
            "azurerm_resource_group.appgrp"
          ]
        }
      ]
    }
  ],
  "check_results": null
}
