{
  "version": 4,
  "terraform_version": "1.3.6",
  "serial": 10,
  "lineage": "6ce3b112-5880-46dc-66ce-f74818ad8a97",
  "outputs": {},
  "resources": [
    {
      "mode": "managed",
      "type": "azurerm_resource_group",
      "name": "app1grp",
      "provider": "provider[\"registry.terraform.io/hashicorp/azurerm\"]",
      "instances": [
        {
          "schema_version": 0,
          "attributes": {
            "id": "/subscriptions/04d2acb9-6f92-4429-b7b8-6234f910dfc2/resourceGroups/app1-grp",
            "location": "northeurope",
            "name": "app1-grp",
            "tags": {},
            "timeouts": null
          },
          "sensitive_attributes": [],
          "private": "eyJlMmJmYjczMC1lY2FhLTExZTYtOGY4OC0zNDM2M2JjN2M0YzAiOnsiY3JlYXRlIjo1NDAwMDAwMDAwMDAwLCJkZWxldGUiOjU0MDAwMDAwMDAwMDAsInJlYWQiOjMwMDAwMDAwMDAwMCwidXBkYXRlIjo1NDAwMDAwMDAwMDAwfX0="
        }
      ]
    },
    {
      "mode": "managed",
      "type": "azurerm_service_plan",
      "name": "companyplan2345",
      "provider": "provider[\"registry.terraform.io/hashicorp/azurerm\"]",
      "instances": [
        {
          "schema_version": 0,
          "attributes": {
            "app_service_environment_id": "",
            "id": "/subscriptions/04d2acb9-6f92-4429-b7b8-6234f910dfc2/resourceGroups/app1-grp/providers/Microsoft.Web/serverfarms/companyplan2345",
            "kind": "app",
            "location": "northeurope",
            "maximum_elastic_worker_count": 1,
            "name": "companyplan2345",
            "os_type": "Windows",
            "per_site_scaling_enabled": false,
            "reserved": false,
            "resource_group_name": "app1-grp",
            "sku_name": "B1",
            "tags": null,
            "timeouts": null,
            "worker_count": 1,
            "zone_balancing_enabled": false
          },
          "sensitive_attributes": [],
          "private": "eyJlMmJmYjczMC1lY2FhLTExZTYtOGY4OC0zNDM2M2JjN2M0YzAiOnsiY3JlYXRlIjozNjAwMDAwMDAwMDAwLCJkZWxldGUiOjM2MDAwMDAwMDAwMDAsInJlYWQiOjMwMDAwMDAwMDAwMCwidXBkYXRlIjozNjAwMDAwMDAwMDAwfX0=",
          "dependencies": [
            "azurerm_resource_group.app1grp"
          ]
        }
      ]
    },
    {
      "mode": "managed",
      "type": "azurerm_windows_web_app",
      "name": "companyapp2345666",
      "provider": "provider[\"registry.terraform.io/hashicorp/azurerm\"]",
      "instances": [
        {
          "schema_version": 0,
          "attributes": {
            "app_settings": null,
            "auth_settings": [],
            "auth_settings_v2": [],
            "backup": [],
            "client_affinity_enabled": false,
            "client_certificate_enabled": false,
            "client_certificate_exclusion_paths": "",
            "client_certificate_mode": "Required",
            "connection_string": [],
            "custom_domain_verification_id": "4A19408AA84C12B706248D2871F149C9FA8EC76FCF31ED425A3ED861D282C72C",
            "default_hostname": "companyapp2345666.azurewebsites.net",
            "enabled": true,
            "hosting_environment_id": "",
            "https_only": false,
            "id": "/subscriptions/04d2acb9-6f92-4429-b7b8-6234f910dfc2/resourceGroups/app1-grp/providers/Microsoft.Web/sites/companyapp2345666",
            "identity": [],
            "key_vault_reference_identity_id": "SystemAssigned",
            "kind": "app",
            "location": "northeurope",
            "logs": [],
            "name": "companyapp2345666",
            "outbound_ip_address_list": [
              "20.82.169.252",
              "20.82.170.95",
              "20.82.170.149",
              "20.82.171.21",
              "20.82.171.27",
              "20.82.171.156",
              "20.107.224.33"
            ],
            "outbound_ip_addresses": "20.82.169.252,20.82.170.95,20.82.170.149,20.82.171.21,20.82.171.27,20.82.171.156,20.107.224.33",
            "possible_outbound_ip_address_list": [
              "20.82.169.252",
              "20.82.170.95",
              "20.82.170.149",
              "20.82.171.21",
              "20.82.171.27",
              "20.82.171.156",
              "20.82.171.176",
              "20.82.171.195",
              "20.82.172.14",
              "20.82.172.41",
              "20.82.173.38",
              "20.82.173.52",
              "20.82.173.92",
              "20.82.173.166",
              "20.82.173.244",
              "20.82.174.10",
              "20.82.174.79",
              "20.82.174.107",
              "20.82.174.125",
              "20.82.174.144",
              "20.82.174.183",
              "20.82.174.203",
              "20.82.174.238",
              "20.82.174.255",
              "20.82.175.21",
              "20.82.175.59",
              "20.82.175.80",
              "20.82.175.93",
              "20.82.175.131",
              "20.82.175.213",
              "20.107.224.33"
            ],
            "possible_outbound_ip_addresses": "20.82.169.252,20.82.170.95,20.82.170.149,20.82.171.21,20.82.171.27,20.82.171.156,20.82.171.176,20.82.171.195,20.82.172.14,20.82.172.41,20.82.173.38,20.82.173.52,20.82.173.92,20.82.173.166,20.82.173.244,20.82.174.10,20.82.174.79,20.82.174.107,20.82.174.125,20.82.174.144,20.82.174.183,20.82.174.203,20.82.174.238,20.82.174.255,20.82.175.21,20.82.175.59,20.82.175.80,20.82.175.93,20.82.175.131,20.82.175.213,20.107.224.33",
            "resource_group_name": "app1-grp",
            "service_plan_id": "/subscriptions/04d2acb9-6f92-4429-b7b8-6234f910dfc2/resourceGroups/app1-grp/providers/Microsoft.Web/serverfarms/companyplan2345",
            "site_config": [
              {
                "always_on": true,
                "api_definition_url": "",
                "api_management_api_id": "",
                "app_command_line": "",
                "application_stack": [
                  {
                    "current_stack": "dotnet",
                    "docker_container_name": "",
                    "docker_container_registry": "",
                    "docker_container_tag": "",
                    "dotnet_core_version": "",
                    "dotnet_version": "v6.0",
                    "java_container": "",
                    "java_container_version": "",
                    "java_embedded_server_enabled": false,
                    "java_version": "",
                    "node_version": "",
                    "php_version": "5.6",
                    "python": false,
                    "python_version": "",
                    "tomcat_version": ""
                  }
                ],
                "auto_heal_enabled": false,
                "auto_heal_setting": [],
                "container_registry_managed_identity_client_id": "",
                "container_registry_use_managed_identity": false,
                "cors": [],
                "default_documents": [
                  "Default.htm",
                  "Default.html",
                  "Default.asp",
                  "index.htm",
                  "index.html",
                  "iisstart.htm",
                  "default.aspx",
                  "index.php",
                  "hostingstart.html"
                ],
                "detailed_error_logging_enabled": false,
                "ftps_state": "Disabled",
                "health_check_eviction_time_in_min": 0,
                "health_check_path": "",
                "http2_enabled": false,
                "ip_restriction": [],
                "linux_fx_version": "",
                "load_balancing_mode": "LeastRequests",
                "local_mysql_enabled": false,
                "managed_pipeline_mode": "Integrated",
                "minimum_tls_version": "1.2",
                "remote_debugging_enabled": false,
                "remote_debugging_version": "VS2019",
                "scm_ip_restriction": [],
                "scm_minimum_tls_version": "1.2",
                "scm_type": "None",
                "scm_use_main_ip_restriction": false,
                "use_32_bit_worker": true,
                "virtual_application": [],
                "vnet_route_all_enabled": false,
                "websockets_enabled": false,
                "windows_fx_version": "",
                "worker_count": 1
              }
            ],
            "site_credential": [
              {
                "name": "$companyapp2345666",
                "password": "g2KoHDWWQk2RRGdknH5mzdEFrrpkCfZsLojfRkr0nWjvtMb9D4ktbHqGsjgl"
              }
            ],
            "sticky_settings": [],
            "storage_account": [],
            "tags": null,
            "timeouts": null,
            "virtual_network_subnet_id": "",
            "zip_deploy_file": ""
          },
          "sensitive_attributes": [],
          "private": "eyJlMmJmYjczMC1lY2FhLTExZTYtOGY4OC0zNDM2M2JjN2M0YzAiOnsiY3JlYXRlIjoxODAwMDAwMDAwMDAwLCJkZWxldGUiOjE4MDAwMDAwMDAwMDAsInJlYWQiOjMwMDAwMDAwMDAwMCwidXBkYXRlIjoxODAwMDAwMDAwMDAwfX0=",
          "dependencies": [
            "azurerm_resource_group.app1grp",
            "azurerm_service_plan.companyplan2345"
          ]
        }
      ]
    }
  ],
  "check_results": null
}
